{
  "nodes": {
    "advisory-db": {
      "flake": false,
      "locked": {
        "lastModified": 1781783913,
        "narHash": "sha256-7cmYYYEBoubfZxKeHsTkWyR/l7LFFVeIaxtJAYs7eOU=",
        "owner": "rustsec",
        "repo": "advisory-db",
        "rev": "776615bd369e17d3112d06b5647d4294f9ab952c",
        "type": "github"
      },
      "original": {
        "owner": "rustsec",
        "repo": "advisory-db",
        "type": "github"
      }
    },
    "blockfrost-tests": {
      "flake": false,
      "locked": {
        "lastModified": 1783415916,
        "narHash": "sha256-9nZ9CSNoc6TNjDGsJMI1EDxjtuiNaCDxCvIx2EppcTM=",
        "owner": "blockfrost",
        "repo": "blockfrost-tests",
        "rev": "5595211e65f5ca5d1ce28277bdebbaf5d28d39ca",
        "type": "github"
      },
      "original": {
        "owner": "blockfrost",
        "repo": "blockfrost-tests",
        "type": "github"
      }
    },
    "cardano-node": {
      "flake": false,
      "locked": {
        "lastModified": 1777953209,
        "narHash": "sha256-+dod+EL73MICgbgflyJnwDlxbCeaBbBLrr2tLX59hAA=",
        "owner": "IntersectMBO",
        "repo": "cardano-node",
        "rev": "97036a66bcf8c89f687ae57a048eecc0389977ef",
        "type": "github"
      },
      "original": {
        "owner": "IntersectMBO",
        "ref": "11.0.1",
        "repo": "cardano-node",
        "type": "github"
      }
    },
    "cardano-playground": {
      "flake": false,
      "locked": {
        "lastModified": 1778168382,
        "narHash": "sha256-Imraq8Jnfc48p8Yt9UHNvoJ1php1n+baG51mBQqmWaI=",
        "owner": "input-output-hk",
        "repo": "cardano-playground",
        "rev": "cf68b1e5747564fa25d5ea945b49fa900b4f7824",
        "type": "github"
      },
      "original": {
        "owner": "input-output-hk",
        "repo": "cardano-playground",
        "rev": "cf68b1e5747564fa25d5ea945b49fa900b4f7824",
        "type": "github"
      }
    },
    "crane": {
      "locked": {
        "lastModified": 1781825982,
        "narHash": "sha256-SlXKwIRIhrOSAcTjCB3ftPLzJWZStQIPS7J1FlZPnKk=",
        "owner": "ipetkov",
        "repo": "crane",
        "rev": "469fd08d0bcf6926321fa973c6777fbc87785dd7",
        "type": "github"
      },
      "original": {
        "owner": "ipetkov",
        "repo": "crane",
        "type": "github"
      }
    },
    "crane_2": {
      "locked": {
        "lastModified": 1776635034,
        "narHash": "sha256-OEOJrT3ZfwbChzODfIH4GzlNTtOFuZFWPtW7jIeR8xU=",
        "owner": "ipetkov",
        "repo": "crane",
        "rev": "dc7496d8ea6e526b1254b55d09b966e94673750f",
        "type": "github"
      },
      "original": {
        "owner": "ipetkov",
        "repo": "crane",
        "type": "github"
      }
    },
    "devshell": {
      "inputs": {
        "nixpkgs": [
          "nixpkgs"
        ]
      },
      "locked": {
        "lastModified": 1768818222,
        "narHash": "sha256-460jc0+CZfyaO8+w8JNtlClB2n4ui1RbHfPTLkpwhU8=",
        "owner": "numtide",
        "repo": "devshell",
        "rev": "255a2b1725a20d060f566e4755dbf571bbbb5f76",
        "type": "github"
      },
      "original": {
        "owner": "numtide",
        "repo": "devshell",
        "type": "github"
      }
    },
    "dolos": {
      "flake": false,
      "locked": {
        "lastModified": 1783554706,
        "narHash": "sha256-PKNm6uCWG5S3u9LVFJv/CmOyrp2MJH1VnxP//Zl60x0=",
        "owner": "txpipe",
        "repo": "dolos",
        "rev": "7b11296c7563330f2f43e7dd13c5dd83d8abd786",
        "type": "github"
      },
      "original": {
        "owner": "txpipe",
        "ref": "v1.4.0",
        "repo": "dolos",
        "type": "github"
      }
    },
    "fenix": {
      "inputs": {
        "nixpkgs": [
          "nixpkgs"
        ],
        "rust-analyzer-src": "rust-analyzer-src"
      },
      "locked": {
        "lastModified": 1781947848,
        "narHash": "sha256-IergMRaafR+NBhWxgHuSRfsVKKnB7mSiYAsW728RYJM=",
        "owner": "nix-community",
        "repo": "fenix",
        "rev": "ab90d0629159f412313b6bde02bdc346bd9c8b3b",
        "type": "github"
      },
      "original": {
        "owner": "nix-community",
        "repo": "fenix",
        "type": "github"
      }
    },
    "flake-compat": {
      "flake": false,
      "locked": {
        "lastModified": 1767039857,
        "narHash": "sha256-vNpUSpF5Nuw8xvDLj2KCwwksIbjua2LZCqhV1LNRDns=",
        "owner": "edolstra",
        "repo": "flake-compat",
        "rev": "5edf11c44bc78a0d334f6334cdaf7d60d732daab",
        "type": "github"
      },
      "original": {
        "owner": "edolstra",
        "repo": "flake-compat",
        "type": "github"
      }
    },
    "flake-parts": {
      "inputs": {
        "nixpkgs-lib": "nixpkgs-lib"
      },
      "locked": {
        "lastModified": 1778716662,
        "narHash": "sha256-m1Yf0wZ8j1OHjTc2UwHwyQRSnNeSgLJOd7q5Y45hzi4=",
        "owner": "hercules-ci",
        "repo": "flake-parts",
        "rev": "f7c1a2d347e4c52d5fb8d10cb4d94b5884e546fb",
        "type": "github"
      },
      "original": {
        "owner": "hercules-ci",
        "repo": "flake-parts",
        "type": "github"
      }
    },
    "flake-parts_2": {
      "inputs": {
        "nixpkgs-lib": "nixpkgs-lib_2"
      },
      "locked": {
        "lastModified": 1775087534,
        "narHash": "sha256-91qqW8lhL7TLwgQWijoGBbiD4t7/q75KTi8NxjVmSmA=",
        "owner": "hercules-ci",
        "repo": "flake-parts",
        "rev": "3107b77cd68437b9a76194f0f7f9c55f2329ca5b",
        "type": "github"
      },
      "original": {
        "owner": "hercules-ci",
        "repo": "flake-parts",
        "type": "github"
      }
    },
    "hydra": {
      "flake": false,
      "locked": {
        "lastModified": 1759947091,
        "narHash": "sha256-V9VBA5cFLcZ/M8g12Bzye5tVSVW3uoUIaRm+Ws0mFbo=",
        "owner": "cardano-scaling",
        "repo": "hydra",
        "rev": "b5e33b55e9fba442c562f82cec6c36b1716d9847",
        "type": "github"
      },
      "original": {
        "owner": "cardano-scaling",
        "ref": "1.0.0",
        "repo": "hydra",
        "type": "github"
      }
    },
    "mithril": {
      "inputs": {
        "crane": "crane_2",
        "flake-parts": "flake-parts_2",
        "nixpkgs": "nixpkgs",
        "rust-overlay": "rust-overlay",
        "treefmt-nix": "treefmt-nix"
      },
      "locked": {
        "lastModified": 1776926918,
        "narHash": "sha256-muV2LpheC4OZsU1ipL9j6TmjGufMpGrXzvon+eWahgg=",
        "owner": "input-output-hk",
        "repo": "mithril",
        "rev": "2478748ea9771baed8181ef0938c78f79ed60760",
        "type": "github"
      },
      "original": {
        "owner": "input-output-hk",
        "ref": "2617.0",
        "repo": "mithril",
        "type": "github"
      }
    },
    "nix-bundle-exe": {
      "flake": false,
      "locked": {
        "lastModified": 1727401894,
        "narHash": "sha256-NKdglYdwN4M7/UOZ8Ml3fuJT1MYXAb6aU4ccU920BjM=",
        "owner": "3noch",
        "repo": "nix-bundle-exe",
        "rev": "7f61fe91a73119e1e39d821f0d215d6186d01363",
        "type": "github"
      },
      "original": {
        "owner": "3noch",
        "repo": "nix-bundle-exe",
        "type": "github"
      }
    },
    "nixpkgs": {
      "locked": {
        "lastModified": 1776329215,
        "narHash": "sha256-a8BYi3mzoJ/AcJP8UldOx8emoPRLeWqALZWu4ZvjPXw=",
        "owner": "nixos",
        "repo": "nixpkgs",
        "rev": "b86751bc4085f48661017fa226dee99fab6c651b",
        "type": "github"
      },
      "original": {
        "owner": "nixos",
        "ref": "nixpkgs-unstable",
        "repo": "nixpkgs",
        "type": "github"
      }
    },
    "nixpkgs-lib": {
      "locked": {
        "lastModified": 1777168982,
        "narHash": "sha256-GOkGPcboWE9BmGCRMLX3worL4EMnsnG8MyKmXNeYuhQ=",
        "owner": "nix-community",
        "repo": "nixpkgs.lib",
        "rev": "f5901329dade4a6ea039af1433fb087bd9c1fe14",
        "type": "github"
      },
      "original": {
        "owner": "nix-community",
        "repo": "nixpkgs.lib",
        "type": "github"
      }
    },
    "nixpkgs-lib_2": {
      "locked": {
        "lastModified": 1774748309,
        "narHash": "sha256-+U7gF3qxzwD5TZuANzZPeJTZRHS29OFQgkQ2kiTJBIQ=",
        "owner": "nix-community",
        "repo": "nixpkgs.lib",
        "rev": "333c4e0545a6da976206c74db8773a1645b5870a",
        "type": "github"
      },
      "original": {
        "owner": "nix-community",
        "repo": "nixpkgs.lib",
        "type": "github"
      }
    },
    "nixpkgs_2": {
      "locked": {
        "lastModified": 1781509190,
        "narHash": "sha256-uJZs9Di8I6ciTp6jiojj0HzlNpBkud8ax5aT/O5aJkw=",
        "owner": "nixos",
        "repo": "nixpkgs",
        "rev": "d6df3513510aa548c83868fd22bfddd0a8c0a0d4",
        "type": "github"
      },
      "original": {
        "owner": "nixos",
        "ref": "nixos-25.11",
        "repo": "nixpkgs",
        "type": "github"
      }
    },
    "root": {
      "inputs": {
        "advisory-db": "advisory-db",
        "blockfrost-tests": "blockfrost-tests",
        "cardano-node": "cardano-node",
        "cardano-playground": "cardano-playground",
        "crane": "crane",
        "devshell": "devshell",
        "dolos": "dolos",
        "fenix": "fenix",
        "flake-compat": "flake-compat",
        "flake-parts": "flake-parts",
        "hydra": "hydra",
        "mithril": "mithril",
        "nix-bundle-exe": "nix-bundle-exe",
        "nixpkgs": "nixpkgs_2",
        "testgen-hs": "testgen-hs",
        "treefmt-nix": "treefmt-nix_2"
      }
    },
    "rust-analyzer-src": {
      "flake": false,
      "locked": {
        "lastModified": 1781933682,
        "narHash": "sha256-ing9gva28bsg0g0dws5/gir/23NoyCX5wzvrRSQDI2I=",
        "owner": "rust-lang",
        "repo": "rust-analyzer",
        "rev": "501826b6fb2b87d16fb35ffceb3b01f885517320",
        "type": "github"
      },
      "original": {
        "owner": "rust-lang",
        "ref": "nightly",
        "repo": "rust-analyzer",
        "type": "github"
      }
    },
    "rust-overlay": {
      "inputs": {
        "nixpkgs": [
          "mithril",
          "nixpkgs"
        ]
      },
      "locked": {
        "lastModified": 1776654897,
        "narHash": "sha256-Vqi4AiJVCcBGn/RmBtRCgyH5rCxqm/w0xV9diJWF1Ic=",
        "owner": "oxalica",
        "repo": "rust-overlay",
        "rev": "25d75be8139815a53560745fa060909777495105",
        "type": "github"
      },
      "original": {
        "owner": "oxalica",
        "repo": "rust-overlay",
        "type": "github"
      }
    },
    "testgen-hs": {
      "flake": false,
      "locked": {
        "lastModified": 1781186898,
        "narHash": "sha256-0lZFt7TB8xGMJchjXwFnaOhMkGZjJ1QLZP1wvidg9uQ=",
        "owner": "blockfrost",
        "repo": "testgen-hs",
        "rev": "49c99425efa1e833919acabc9ee47ecad4c284be",
        "type": "github"
      },
      "original": {
        "owner": "blockfrost",
        "ref": "11.0.1.0",
        "repo": "testgen-hs",
        "type": "github"
      }
    },
    "treefmt-nix": {
      "inputs": {
        "nixpkgs": [
          "mithril",
          "nixpkgs"
        ]
      },
      "locked": {
        "lastModified": 1775636079,
        "narHash": "sha256-pc20NRoMdiar8oPQceQT47UUZMBTiMdUuWrYu2obUP0=",
        "owner": "numtide",
        "repo": "treefmt-nix",
        "rev": "790751ff7fd3801feeaf96d7dc416a8d581265ba",
        "type": "github"
      },
      "original": {
        "owner": "numtide",
        "repo": "treefmt-nix",
        "type": "github"
      }
    },
    "treefmt-nix_2": {
      "inputs": {
        "nixpkgs": [
          "nixpkgs"
        ]
      },
      "locked": {
        "lastModified": 1780220602,
        "narHash": "sha256-eynAfOmbmxJnkp7YewvCEbShNnnYJ9gLLqkzsYtBPeM=",
        "owner": "numtide",
        "repo": "treefmt-nix",
        "rev": "db947814a175b7ca6ded66e21383d938df01c227",
        "type": "github"
      },
      "original": {
        "owner": "numtide",
        "repo": "treefmt-nix",
        "type": "github"
      }
    }
  },
  "root": "root",
  "version": 7
}
