{
  "nodes": {
    "advisory-db": {
      "flake": false,
      "locked": {
        "lastModified": 1778915282,
        "narHash": "sha256-iqXYpuCoWoGypnpM5ceXN748QlYeBXDtZx0uI98qFLo=",
        "owner": "rustsec",
        "repo": "advisory-db",
        "rev": "f2ae5fc8e5d208373b6c838f9676434525327a72",
        "type": "github"
      },
      "original": {
        "owner": "rustsec",
        "repo": "advisory-db",
        "type": "github"
      }
    },
    "blockfrost-tests": {
      "flake": false,
      "locked": {
        "lastModified": 1778849007,
        "narHash": "sha256-G+G7+oyCop8lAYsfI7hddPbOSVc7gguXQvIVcQOoNPA=",
        "owner": "blockfrost",
        "repo": "blockfrost-tests",
        "rev": "dac734c1e6c96e85b087995735665b27313d356e",
        "type": "github"
      },
      "original": {
        "owner": "blockfrost",
        "repo": "blockfrost-tests",
        "type": "github"
      }
    },
    "cardano-node": {
      "flake": false,
      "locked": {
        "lastModified": 1774886169,
        "narHash": "sha256-TQHJmtgV33DhEeiOLokDS7BGTUX/4wdQt9DIP62SEuw=",
        "owner": "IntersectMBO",
        "repo": "cardano-node",
        "rev": "e252edef4dfcd28ba8987e0c1368c6db0404beac",
        "type": "github"
      },
      "original": {
        "owner": "IntersectMBO",
        "ref": "10.6.3",
        "repo": "cardano-node",
        "type": "github"
      }
    },
    "cardano-playground": {
      "flake": false,
      "locked": {
        "lastModified": 1775070913,
        "narHash": "sha256-zX1uQvRTJ9B+IH4e9LPNfMsYxnHU/su6h2QkL3629A0=",
        "owner": "input-output-hk",
        "repo": "cardano-playground",
        "rev": "419fcc2150552930944624e7a19aad6420539df0",
        "type": "github"
      },
      "original": {
        "owner": "input-output-hk",
        "repo": "cardano-playground",
        "rev": "419fcc2150552930944624e7a19aad6420539df0",
        "type": "github"
      }
    },
    "crane": {
      "locked": {
        "lastModified": 1778106249,
        "narHash": "sha256-cM/AuKy5tMhwOOQIbha8ZRRMHVfNf7cv2aljIw+qoCg=",
        "owner": "ipetkov",
        "repo": "crane",
        "rev": "6d015ea29630b7ad2402841386da2cb617a470a7",
        "type": "github"
      },
      "original": {
        "owner": "ipetkov",
        "repo": "crane",
        "type": "github"
      }
    },
    "crane_2": {
      "locked": {
        "lastModified": 1748905761,
        "narHash": "sha256-h3axsOaXxej8d2ICwegt6IX+ymwI6spPOEIe4fGRzjY=",
        "owner": "ipetkov",
        "repo": "crane",
        "rev": "21badc1ab312a31b7e8a5d12be7b89232b9d05ec",
        "type": "github"
      },
      "original": {
        "owner": "ipetkov",
        "repo": "crane",
        "type": "github"
      }
    },
    "devshell": {
      "inputs": {
        "nixpkgs": [
          "nixpkgs"
        ]
      },
      "locked": {
        "lastModified": 1768818222,
        "narHash": "sha256-460jc0+CZfyaO8+w8JNtlClB2n4ui1RbHfPTLkpwhU8=",
        "owner": "numtide",
        "repo": "devshell",
        "rev": "255a2b1725a20d060f566e4755dbf571bbbb5f76",
        "type": "github"
      },
      "original": {
        "owner": "numtide",
        "repo": "devshell",
        "type": "github"
      }
    },
    "dolos": {
      "flake": false,
      "locked": {
        "lastModified": 1778007506,
        "narHash": "sha256-l56yndrDPwb6DIOPwnZOeFkVLXGStCSihupyNd0rQFw=",
        "owner": "txpipe",
        "repo": "dolos",
        "rev": "d1d2f353f8079ae056fbc1a6a6f7a8032f13563e",
        "type": "github"
      },
      "original": {
        "owner": "txpipe",
        "ref": "v1.1.1",
        "repo": "dolos",
        "type": "github"
      }
    },
    "fenix": {
      "inputs": {
        "nixpkgs": [
          "nixpkgs"
        ],
        "rust-analyzer-src": "rust-analyzer-src"
      },
      "locked": {
        "lastModified": 1778919578,
        "narHash": "sha256-+z+jgTly48gsAiX8rOe/vs8C/2G4vdCpcEtqMJUpFqw=",
        "owner": "nix-community",
        "repo": "fenix",
        "rev": "ecd6d4ff22cfdb1339b2915455a2ff4dc85bf52e",
        "type": "github"
      },
      "original": {
        "owner": "nix-community",
        "repo": "fenix",
        "type": "github"
      }
    },
    "flake-compat": {
      "flake": false,
      "locked": {
        "lastModified": 1767039857,
        "narHash": "sha256-vNpUSpF5Nuw8xvDLj2KCwwksIbjua2LZCqhV1LNRDns=",
        "owner": "edolstra",
        "repo": "flake-compat",
        "rev": "5edf11c44bc78a0d334f6334cdaf7d60d732daab",
        "type": "github"
      },
      "original": {
        "owner": "edolstra",
        "repo": "flake-compat",
        "type": "github"
      }
    },
    "flake-parts": {
      "inputs": {
        "nixpkgs-lib": "nixpkgs-lib"
      },
      "locked": {
        "lastModified": 1778716662,
        "narHash": "sha256-m1Yf0wZ8j1OHjTc2UwHwyQRSnNeSgLJOd7q5Y45hzi4=",
        "owner": "hercules-ci",
        "repo": "flake-parts",
        "rev": "f7c1a2d347e4c52d5fb8d10cb4d94b5884e546fb",
        "type": "github"
      },
      "original": {
        "owner": "hercules-ci",
        "repo": "flake-parts",
        "type": "github"
      }
    },
    "flake-parts_2": {
      "inputs": {
        "nixpkgs-lib": "nixpkgs-lib_2"
      },
      "locked": {
        "lastModified": 1748821116,
        "narHash": "sha256-F82+gS044J1APL0n4hH50GYdPRv/5JWm34oCJYmVKdE=",
        "owner": "hercules-ci",
        "repo": "flake-parts",
        "rev": "49f0870db23e8c1ca0b5259734a02cd9e1e371a1",
        "type": "github"
      },
      "original": {
        "owner": "hercules-ci",
        "repo": "flake-parts",
        "type": "github"
      }
    },
    "hydra": {
      "flake": false,
      "locked": {
        "lastModified": 1759947091,
        "narHash": "sha256-V9VBA5cFLcZ/M8g12Bzye5tVSVW3uoUIaRm+Ws0mFbo=",
        "owner": "cardano-scaling",
        "repo": "hydra",
        "rev": "b5e33b55e9fba442c562f82cec6c36b1716d9847",
        "type": "github"
      },
      "original": {
        "owner": "cardano-scaling",
        "ref": "1.0.0",
        "repo": "hydra",
        "type": "github"
      }
    },
    "mithril": {
      "inputs": {
        "crane": "crane_2",
        "flake-parts": "flake-parts_2",
        "nixpkgs": "nixpkgs",
        "treefmt-nix": "treefmt-nix"
      },
      "locked": {
        "lastModified": 1749570267,
        "narHash": "sha256-v/kHXMslACQtAY33QGtGqEaQEp5B37wbWrk6m0654dA=",
        "owner": "input-output-hk",
        "repo": "mithril",
        "rev": "7bf703389b0ba5ebade0e88449c79c75706cfbbc",
        "type": "github"
      },
      "original": {
        "owner": "input-output-hk",
        "ref": "2524.0",
        "repo": "mithril",
        "type": "github"
      }
    },
    "nix-bundle-exe": {
      "flake": false,
      "locked": {
        "lastModified": 1727401894,
        "narHash": "sha256-NKdglYdwN4M7/UOZ8Ml3fuJT1MYXAb6aU4ccU920BjM=",
        "owner": "3noch",
        "repo": "nix-bundle-exe",
        "rev": "7f61fe91a73119e1e39d821f0d215d6186d01363",
        "type": "github"
      },
      "original": {
        "owner": "3noch",
        "repo": "nix-bundle-exe",
        "type": "github"
      }
    },
    "nixpkgs": {
      "locked": {
        "lastModified": 1748856973,
        "narHash": "sha256-RlTsJUvvr8ErjPBsiwrGbbHYW8XbB/oek0Gi78XdWKg=",
        "owner": "nixos",
        "repo": "nixpkgs",
        "rev": "e4b09e47ace7d87de083786b404bf232eb6c89d8",
        "type": "github"
      },
      "original": {
        "owner": "nixos",
        "ref": "nixpkgs-unstable",
        "repo": "nixpkgs",
        "type": "github"
      }
    },
    "nixpkgs-lib": {
      "locked": {
        "lastModified": 1777168982,
        "narHash": "sha256-GOkGPcboWE9BmGCRMLX3worL4EMnsnG8MyKmXNeYuhQ=",
        "owner": "nix-community",
        "repo": "nixpkgs.lib",
        "rev": "f5901329dade4a6ea039af1433fb087bd9c1fe14",
        "type": "github"
      },
      "original": {
        "owner": "nix-community",
        "repo": "nixpkgs.lib",
        "type": "github"
      }
    },
    "nixpkgs-lib_2": {
      "locked": {
        "lastModified": 1748740939,
        "narHash": "sha256-rQaysilft1aVMwF14xIdGS3sj1yHlI6oKQNBRTF40cc=",
        "owner": "nix-community",
        "repo": "nixpkgs.lib",
        "rev": "656a64127e9d791a334452c6b6606d17539476e2",
        "type": "github"
      },
      "original": {
        "owner": "nix-community",
        "repo": "nixpkgs.lib",
        "type": "github"
      }
    },
    "nixpkgs_2": {
      "locked": {
        "lastModified": 1778737229,
        "narHash": "sha256-6xWoytx8jFW4PF1GjRm/i/53trbpKGfz6zjzQGBr4cI=",
        "owner": "nixos",
        "repo": "nixpkgs",
        "rev": "d7a713c0b7e47c908258e71cba7a2d77cc8d71d5",
        "type": "github"
      },
      "original": {
        "owner": "nixos",
        "ref": "nixos-25.11",
        "repo": "nixpkgs",
        "type": "github"
      }
    },
    "root": {
      "inputs": {
        "advisory-db": "advisory-db",
        "blockfrost-tests": "blockfrost-tests",
        "cardano-node": "cardano-node",
        "cardano-playground": "cardano-playground",
        "crane": "crane",
        "devshell": "devshell",
        "dolos": "dolos",
        "fenix": "fenix",
        "flake-compat": "flake-compat",
        "flake-parts": "flake-parts",
        "hydra": "hydra",
        "mithril": "mithril",
        "nix-bundle-exe": "nix-bundle-exe",
        "nixpkgs": "nixpkgs_2",
        "testgen-hs": "testgen-hs",
        "treefmt-nix": "treefmt-nix_2"
      }
    },
    "rust-analyzer-src": {
      "flake": false,
      "locked": {
        "lastModified": 1778854817,
        "narHash": "sha256-iG+VuMy8W585geVVCUd7pR025WsY3ZkgSv5Yt5bxDmQ=",
        "owner": "rust-lang",
        "repo": "rust-analyzer",
        "rev": "1a68212c5683555ad80f0eab71db9715c6d52145",
        "type": "github"
      },
      "original": {
        "owner": "rust-lang",
        "ref": "nightly",
        "repo": "rust-analyzer",
        "type": "github"
      }
    },
    "testgen-hs": {
      "flake": false,
      "locked": {
        "lastModified": 1776089820,
        "narHash": "sha256-Io/LO7dTDmRvVWLSNpxhH8fQcHcJeBrqviYgYnhgRiM=",
        "owner": "blockfrost",
        "repo": "testgen-hs",
        "rev": "358cd9124b62a9dc647a96687c272f540eb2f134",
        "type": "github"
      },
      "original": {
        "owner": "blockfrost",
        "ref": "10.6.3.1",
        "repo": "testgen-hs",
        "type": "github"
      }
    },
    "treefmt-nix": {
      "inputs": {
        "nixpkgs": [
          "mithril",
          "nixpkgs"
        ]
      },
      "locked": {
        "lastModified": 1748243702,
        "narHash": "sha256-9YzfeN8CB6SzNPyPm2XjRRqSixDopTapaRsnTpXUEY8=",
        "owner": "numtide",
        "repo": "treefmt-nix",
        "rev": "1f3f7b784643d488ba4bf315638b2b0a4c5fb007",
        "type": "github"
      },
      "original": {
        "owner": "numtide",
        "repo": "treefmt-nix",
        "type": "github"
      }
    },
    "treefmt-nix_2": {
      "inputs": {
        "nixpkgs": [
          "nixpkgs"
        ]
      },
      "locked": {
        "lastModified": 1775636079,
        "narHash": "sha256-pc20NRoMdiar8oPQceQT47UUZMBTiMdUuWrYu2obUP0=",
        "owner": "numtide",
        "repo": "treefmt-nix",
        "rev": "790751ff7fd3801feeaf96d7dc416a8d581265ba",
        "type": "github"
      },
      "original": {
        "owner": "numtide",
        "repo": "treefmt-nix",
        "type": "github"
      }
    }
  },
  "root": "root",
  "version": 7
}
